
Microsoft Visual Studio Solution File, Format Version 12.00
Project("{FAE04EC0-301F-11D3-BF4B-00C04F79EFBC}") = "TP2-Poker", "TP2-Poker\TP2-Poker.csproj", "{0178FD27-CF29-4012-9A5D-93E612C8192C}"
EndProject
Global
	GlobalSection(SolutionConfigurationPlatforms) = preSolution
		Debug|Any CPU = Debug|Any CPU
		Release|Any CPU = Release|Any CPU
	EndGlobalSection
	GlobalSection(ProjectConfigurationPlatforms) = postSolution
		{0178FD27-CF29-4012-9A5D-93E612C8192C}.Debug|Any CPU.ActiveCfg = Debug|Any CPU
		{0178FD27-CF29-4012-9A5D-93E612C8192C}.Debug|Any CPU.Build.0 = Debug|Any CPU
		{0178FD27-CF29-4012-9A5D-93E612C8192C}.Release|Any CPU.ActiveCfg = Release|Any CPU
		{0178FD27-CF29-4012-9A5D-93E612C8192C}.Release|Any CPU.Build.0 = Release|Any CPU
	EndGlobalSection
EndGlobal
